
Microsoft Visual Studio Solution File, Format Version 12.00
# Visual Studio Version 17
VisualStudioVersion = 17.14.36414.22 d17.14
MinimumVisualStudioVersion = 10.0.40219.1
Project("{2150E333-8FDC-42A3-9474-1A3956D46DE8}") = "Task0", "Task0", "{02EA681E-C7D8-13C7-8484-4AC65E1B71E8}"
EndProject
Project("{FAE04EC0-301F-11D3-BF4B-00C04F79EFBC}") = "Tyuiu.ZakharovaVI.Sprint4.Task0.V30", "Tyuiu.ZakharovaVI.Sprint4.Task0.V30\Tyuiu.ZakharovaVI.Sprint4.Task0.V30.csproj", "{8D6D2D23-BC11-460D-84F4-A99EC95ABDBF}"
EndProject
Project("{FAE04EC0-301F-11D3-BF4B-00C04F79EFBC}") = "Tyuiu.ZakharovaVI.Sprint4.Task0.V30.Lib", "Tyuiu.ZakharovaVI.Sprint4.Task0.V30.Lib\Tyuiu.ZakharovaVI.Sprint4.Task0.V30.Lib.csproj", "{DCE56FDF-1AFB-401E-91BA-74519B872FF6}"
EndProject
Project("{FAE04EC0-301F-11D3-BF4B-00C04F79EFBC}") = "Tyuiu.ZakharovaVI.Sprint4.Task0.V30.Test", "Tyuiu.ZakharovaVI.Sprint4.Task0.V30.Test\Tyuiu.ZakharovaVI.Sprint4.Task0.V30.Test.csproj", "{A6F89F6D-60B6-43E0-B77F-998C1D07CF9E}"
EndProject
Project("{2150E333-8FDC-42A3-9474-1A3956D46DE8}") = "Task1", "Task1", "{DB79A45A-17E5-4208-B8A8-449AD6A014B5}"
EndProject
Project("{FAE04EC0-301F-11D3-BF4B-00C04F79EFBC}") = "Tyuiu.ZakharovaVI.Sprint4.Task1.V16", "Tyuiu.ZakharovaVI.Sprint4.Task1.V16\Tyuiu.ZakharovaVI.Sprint4.Task1.V16.csproj", "{1C774D93-315B-49C6-970F-E8D17CC56249}"
EndProject
Project("{FAE04EC0-301F-11D3-BF4B-00C04F79EFBC}") = "Tyuiu.ZakharovaVI.Sprint4.Task1.V16.Lib", "Tyuiu.ZakharovaVI.Sprint4.Task1.V16.Lib\Tyuiu.ZakharovaVI.Sprint4.Task1.V16.Lib.csproj", "{874850F9-FA2C-4557-AA3F-5435634DCA3C}"
EndProject
Project("{FAE04EC0-301F-11D3-BF4B-00C04F79EFBC}") = "Tyuiu.ZakharovaVI.Sprint4.Task1.V16.Test", "Tyuiu.ZakharovaVI.Sprint4.Task1.V16.Test\Tyuiu.ZakharovaVI.Sprint4.Task1.V16.Test.csproj", "{5FB68E59-C392-4414-9DB9-A8B07BED3614}"
EndProject
Global
	GlobalSection(SolutionConfigurationPlatforms) = preSolution
		Debug|Any CPU = Debug|Any CPU
		Release|Any CPU = Release|Any CPU
	EndGlobalSection
	GlobalSection(ProjectConfigurationPlatforms) = postSolution
		{8D6D2D23-BC11-460D-84F4-A99EC95ABDBF}.Debug|Any CPU.ActiveCfg = Debug|Any CPU
		{8D6D2D23-BC11-460D-84F4-A99EC95ABDBF}.Debug|Any CPU.Build.0 = Debug|Any CPU
		{8D6D2D23-BC11-460D-84F4-A99EC95ABDBF}.Release|Any CPU.ActiveCfg = Release|Any CPU
		{8D6D2D23-BC11-460D-84F4-A99EC95ABDBF}.Release|Any CPU.Build.0 = Release|Any CPU
		{DCE56FDF-1AFB-401E-91BA-74519B872FF6}.Debug|Any CPU.ActiveCfg = Debug|Any CPU
		{DCE56FDF-1AFB-401E-91BA-74519B872FF6}.Debug|Any CPU.Build.0 = Debug|Any CPU
		{DCE56FDF-1AFB-401E-91BA-74519B872FF6}.Release|Any CPU.ActiveCfg = Release|Any CPU
		{DCE56FDF-1AFB-401E-91BA-74519B872FF6}.Release|Any CPU.Build.0 = Release|Any CPU
		{A6F89F6D-60B6-43E0-B77F-998C1D07CF9E}.Debug|Any CPU.ActiveCfg = Debug|Any CPU
		{A6F89F6D-60B6-43E0-B77F-998C1D07CF9E}.Debug|Any CPU.Build.0 = Debug|Any CPU
		{A6F89F6D-60B6-43E0-B77F-998C1D07CF9E}.Release|Any CPU.ActiveCfg = Release|Any CPU
		{A6F89F6D-60B6-43E0-B77F-998C1D07CF9E}.Release|Any CPU.Build.0 = Release|Any CPU
		{1C774D93-315B-49C6-970F-E8D17CC56249}.Debug|Any CPU.ActiveCfg = Debug|Any CPU
		{1C774D93-315B-49C6-970F-E8D17CC56249}.Debug|Any CPU.Build.0 = Debug|Any CPU
		{1C774D93-315B-49C6-970F-E8D17CC56249}.Release|Any CPU.ActiveCfg = Release|Any CPU
		{1C774D93-315B-49C6-970F-E8D17CC56249}.Release|Any CPU.Build.0 = Release|Any CPU
		{874850F9-FA2C-4557-AA3F-5435634DCA3C}.Debug|Any CPU.ActiveCfg = Debug|Any CPU
		{874850F9-FA2C-4557-AA3F-5435634DCA3C}.Debug|Any CPU.Build.0 = Debug|Any CPU
		{874850F9-FA2C-4557-AA3F-5435634DCA3C}.Release|Any CPU.ActiveCfg = Release|Any CPU
		{874850F9-FA2C-4557-AA3F-5435634DCA3C}.Release|Any CPU.Build.0 = Release|Any CPU
		{5FB68E59-C392-4414-9DB9-A8B07BED3614}.Debug|Any CPU.ActiveCfg = Debug|Any CPU
		{5FB68E59-C392-4414-9DB9-A8B07BED3614}.Debug|Any CPU.Build.0 = Debug|Any CPU
		{5FB68E59-C392-4414-9DB9-A8B07BED3614}.Release|Any CPU.ActiveCfg = Release|Any CPU
		{5FB68E59-C392-4414-9DB9-A8B07BED3614}.Release|Any CPU.Build.0 = Release|Any CPU
	EndGlobalSection
	GlobalSection(SolutionProperties) = preSolution
		HideSolutionNode = FALSE
	EndGlobalSection
	GlobalSection(NestedProjects) = preSolution
		{8D6D2D23-BC11-460D-84F4-A99EC95ABDBF} = {02EA681E-C7D8-13C7-8484-4AC65E1B71E8}
		{DCE56FDF-1AFB-401E-91BA-74519B872FF6} = {02EA681E-C7D8-13C7-8484-4AC65E1B71E8}
		{A6F89F6D-60B6-43E0-B77F-998C1D07CF9E} = {02EA681E-C7D8-13C7-8484-4AC65E1B71E8}
		{1C774D93-315B-49C6-970F-E8D17CC56249} = {DB79A45A-17E5-4208-B8A8-449AD6A014B5}
		{874850F9-FA2C-4557-AA3F-5435634DCA3C} = {DB79A45A-17E5-4208-B8A8-449AD6A014B5}
		{5FB68E59-C392-4414-9DB9-A8B07BED3614} = {DB79A45A-17E5-4208-B8A8-449AD6A014B5}
	EndGlobalSection
	GlobalSection(ExtensibilityGlobals) = postSolution
		SolutionGuid = {06A5315C-048A-4DFE-920A-1F2EAD358865}
	EndGlobalSection
EndGlobal
